
Microsoft Visual Studio Solution File, Format Version 12.00
# Visual Studio 15
VisualStudioVersion = 15.0.28307.705
MinimumVisualStudioVersion = 10.0.40219.1
Project("{FAE04EC0-301F-11D3-BF4B-00C04F79EFBC}") = "BnHomeAllocationApp", "BnHomeAllocationApp\BnHomeAllocationApp.csproj", "{2055FC69-3364-4233-80D3-DC52A8D4D7DC}"
EndProject
Global
	GlobalSection(SolutionConfigurationPlatforms) = preSolution
		Debug|Any CPU = Debug|Any CPU
		Release|Any CPU = Release|Any CPU
	EndGlobalSection
	GlobalSection(ProjectConfigurationPlatforms) = postSolution
		{2055FC69-3364-4233-80D3-DC52A8D4D7DC}.Debug|Any CPU.ActiveCfg = Debug|Any CPU
		{2055FC69-3364-4233-80D3-DC52A8D4D7DC}.Debug|Any CPU.Build.0 = Debug|Any CPU
		{2055FC69-3364-4233-80D3-DC52A8D4D7DC}.Release|Any CPU.ActiveCfg = Release|Any CPU
		{2055FC69-3364-4233-80D3-DC52A8D4D7DC}.Release|Any CPU.Build.0 = Release|Any CPU
	EndGlobalSection
	GlobalSection(SolutionProperties) = preSolution
		HideSolutionNode = FALSE
	EndGlobalSection
	GlobalSection(ExtensibilityGlobals) = postSolution
		SolutionGuid = {2343A32F-9FB5-44F1-8DD6-25246D267CDE}
	EndGlobalSection
EndGlobal
